<Solution>
	<Folder Name="/.shared/">
		<File Path="src/appsettings.json" />
		<File Path="src/appsettings.Local.json" />
		<File Path="src/Directory.Build.props" />
		<File Path="src/Directory.Packages.props" />
	</Folder>
	<Folder Name="/Apps/" />
	<!-- <Folder Name="/Apps/Collections/">
		<File Path="src/Apps/Collections/manifest.yaml" />
		<Project Path="src/Apps/Collections/Common/Collections.Common.csproj" />
		<Project Path="src/Apps/Collections/Contracts/Collections.Contracts.csproj" />
		<Project Path="src/Apps/Collections/Implementation/Collections.Implementation.csproj" />
		<Project Path="src/Apps/Collections/Persistence.Cosmos/Collections.Persistence.Cosmos.csproj" />
		<Project Path="src/Apps/Collections/Persistence.Mongo/Collections.Persistence.Mongo.csproj" />
		<Project Path="src/Apps/Collections/Persistence.Postgres/Collections.Persistence.Postgres.csproj" />
		<Project Path="src/Apps/Collections/Server/Collections.Server.csproj" />
	</Folder>
	<Folder Name="/Apps/Configuration/">
		<File Path="src/Apps/Configuration/manifest.yaml" />
		<Project Path="src/Apps/Configuration/Common/Configuration.Common.csproj" />
		<Project Path="src/Apps/Configuration/Contracts/Configuration.Contracts.csproj" />
		<Project Path="src/Apps/Configuration/Implementation/Configuration.Implementation.csproj" />
		<Project Path="src/Apps/Configuration/Persistence.Cosmos/Configuration.Persistence.Cosmos.csproj" />
		<Project Path="src/Apps/Configuration/Server/Configuration.Server.csproj" />
	</Folder> -->
	<Folder Name="/Apps/Dummy/">
		<File Path="src/Apps/Dummy/manifest.yaml" />
		<Project Path="src/Apps/Dummy/Application.Tests/Dummy.Application.Tests.csproj" />
		<Project Path="src/Apps/Dummy/Application/Dummy.Application.csproj" />
		<Project Path="src/Apps/Dummy/Contracts/Dummy.Contracts.csproj" />
		<Project Path="src/Apps/Dummy/Domain/Dummy.Domain.csproj" />
		<Project Path="src/Apps/Dummy/Persistence.Cosmos/Dummy.Persistence.Cosmos.csproj" />
		<Project Path="src/Apps/Dummy/Persistence.Mongo/Dummy.Persistence.Mongo.csproj" />
		<Project Path="src/Apps/Dummy/Persistence.Postgres/Dummy.Persistence.Postgres.csproj" />
		<Project Path="src/Apps/Dummy/Server/Dummy.Server.csproj" />
	</Folder>
	<Folder Name="/Apps/Users/">
		<File Path="src/Apps/Users/manifest.yaml" />
		<Project Path="src/Apps/Users/Common/Users.Common.csproj" />
		<Project Path="src/Apps/Users/Contracts/Users.Contracts.csproj" />
		<Project Path="src/Apps/Users/Implementation/Users.Implementation.csproj" />
		<Project Path="src/Apps/Users/Persistence.Cosmos/Users.Persistence.Cosmos.csproj" />
		<Project Path="src/Apps/Users/Persistence.Mongo/Users.Persistence.Mongo.csproj" />
		<Project Path="src/Apps/Users/Persistence.Postgres/Users.Persistence.Postgres.csproj" />
		<Project Path="src/Apps/Users/Server/Users.Server.csproj" />
	</Folder>
	<Folder Name="/Blocks/">
		<Project Path="src/Blocks/Application/Application.csproj" />
		<Project Path="src/Blocks/Contracts/Contracts.csproj" />
		<Project Path="src/Blocks/Domain/Domain.csproj" />
		<Project Path="src/Blocks/Persistence.Cosmos/Persistence.Cosmos.csproj" />
		<Project Path="src/Blocks/Persistence.Mongo/Persistence.Mongo.csproj" />
		<Project Path="src/Blocks/Persistence.Postgres/Persistence.Postgres.csproj" />
		<Project Path="src/Blocks/Persistence/Persistence.csproj" />
		<Project Path="src/Blocks/Runtime.Server.Diagnostics.AzureMonitor/Runtime.Server.Diagnostics.AzureMonitor.csproj" />
		<Project Path="src/Blocks/Runtime.Server/Runtime.Server.csproj" />
		<Project Path="src/Blocks/Runtime.Worker.Diagnostics.AzureMonitor/Runtime.Worker.Diagnostics.AzureMonitor.csproj" />
		<Project Path="src/Blocks/Runtime.Worker/Runtime.Worker.csproj" />
		<Project Path="src/Blocks/Runtime/Runtime.csproj" />
	</Folder>
	<Folder Name="/Core/" />
	<Folder Name="/Core/Common/">
		<Project Path="src/Core/Common.Tests/Common.Tests.csproj" />
		<Project Path="src/Core/Common/Common.csproj" />
	</Folder>
	<Folder Name="/Core/Mapping/">
		<Project Path="src/Core/Mapping/Mapster.Tests/Mapping.Mapster.Tests.csproj" />
		<Project Path="src/Core/Mapping/Mapster/Mapping.Mapster.csproj" />
	</Folder>
	<Folder Name="/Core/Queues/">
		<Project Path="src/Core/Queues/AzureQueueStorage.Tests/Queues.AzureQueueStorage.Tests.csproj" />
		<Project Path="src/Core/Queues/AzureQueueStorage/Queues.AzureQueueStorage.csproj" />
	</Folder>
	<Folder Name="/Core/Storage/">
		<Project Path="src/Core/Storage/AzureBlobStorage.Tests/Storage.AzureBlobStorage.Tests.csproj" />
		<Project Path="src/Core/Storage/AzureBlobStorage/Storage.AzureBlobStorage.csproj" />
		<Project Path="src/Core/Storage/GoogleCloudStorage.Tests/Storage.GoogleCloudStorage.Tests.csproj" />
		<Project Path="src/Core/Storage/GoogleCloudStorage/Storage.GoogleCloudStorage.csproj" />
	</Folder>
	<Folder Name="/Core/Validation/">
		<Project Path="src/Core/Validation/DataAnnotations.Tests/Validation.DataAnnotations.Tests.csproj" />
		<Project Path="src/Core/Validation/DataAnnotations/Validation.DataAnnotations.csproj" />
	</Folder>

</Solution>
