Microsoft Visual Studio Solution File, Format Version 12.00
# Visual Studio Version 17
VisualStudioVersion = 17.5.2.0
MinimumVisualStudioVersion = 10.0.40219.1
Project("{2150E333-8FDC-42A3-9474-1A3956D46DE8}") = "_tmp", "_tmp", "{2861F68D-E156-8E82-A4E6-ECF981A86867}"
EndProject
Project("{2150E333-8FDC-42A3-9474-1A3956D46DE8}") = "src", "src", "{827E0CD3-B72D-47B6-A68D-7590B98EB39B}"
EndProject
Project("{FAE04EC0-301F-11D3-BF4B-00C04F79EFBC}") = "ServiceProject", "_tmp\ServiceProject.csproj", "{6BDB05CD-1BD2-935F-3A0E-A0B5BF9AA17A}"
EndProject
Project("{2150E333-8FDC-42A3-9474-1A3956D46DE8}") = "Common", "Common", "{BFF2DF6E-AA54-47C7-211F-79ACCBB4577C}"
EndProject
Project("{FAE04EC0-301F-11D3-BF4B-00C04F79EFBC}") = "Persistence.Mongo", "src\Common\Persistence.Mongo\Persistence.Mongo.csproj", "{4A128749-A7AF-8E42-80CB-DA85A3DD51E6}"
EndProject
Project("{FAE04EC0-301F-11D3-BF4B-00C04F79EFBC}") = "Runtime.Server", "src\Common\Runtime.Server\Runtime.Server.csproj", "{7C02F11D-E108-DFA4-471D-E7BC87B3DCC2}"
EndProject
Project("{FAE04EC0-301F-11D3-BF4B-00C04F79EFBC}") = "Contracts", "src\Common\Contracts\Contracts.csproj", "{AFCFB084-3524-F09E-B362-540BE453FA7E}"
EndProject
Project("{FAE04EC0-301F-11D3-BF4B-00C04F79EFBC}") = "Runtime", "src\Common\Runtime\Runtime.csproj", "{BBA91CB6-4F2B-34A1-EF03-D76E6E086DF4}"
EndProject
Project("{FAE04EC0-301F-11D3-BF4B-00C04F79EFBC}") = "Runtime.Worker", "src\Common\Runtime.Worker\Runtime.Worker.csproj", "{298A10F7-561E-9F08-DC04-642FB6FA695E}"
EndProject
Project("{FAE04EC0-301F-11D3-BF4B-00C04F79EFBC}") = "Common", "src\Common\Common\Common.csproj", "{2C956F09-4660-8F89-F24E-5BB2238E01E9}"
EndProject
Project("{FAE04EC0-301F-11D3-BF4B-00C04F79EFBC}") = "Implementation", "src\Common\Implementation\Implementation.csproj", "{48DF7CB9-2EB6-0F91-7813-ECCEF09A0A74}"
EndProject
Project("{FAE04EC0-301F-11D3-BF4B-00C04F79EFBC}") = "Persistence", "src\Common\Persistence\Persistence.csproj", "{DE2C162D-3DD6-A070-0AAB-44ECEA31C86D}"
EndProject
Project("{FAE04EC0-301F-11D3-BF4B-00C04F79EFBC}") = "Persistence.Cosmos", "src\Common\Persistence.Cosmos\Persistence.Cosmos.csproj", "{3E774F61-752A-9DD6-0B8D-A1F299026D58}"
EndProject
Project("{FAE04EC0-301F-11D3-BF4B-00C04F79EFBC}") = "Runtime.Server.Diagnostics.AzureMonitor", "src\Common\Runtime.Server.Diagnostics.AzureMonitor\Runtime.Server.Diagnostics.AzureMonitor.csproj", "{091AF138-4A08-116B-040D-AEB88C7C3200}"
EndProject
Project("{FAE04EC0-301F-11D3-BF4B-00C04F79EFBC}") = "Persistence.Postgres", "src\Common\Persistence.Postgres\Persistence.Postgres.csproj", "{AB908913-4A4D-95F4-572A-E23E32FAE569}"
EndProject
Project("{FAE04EC0-301F-11D3-BF4B-00C04F79EFBC}") = "Runtime.Worker.Diagnostics.AzureMonitor", "src\Common\Runtime.Worker.Diagnostics.AzureMonitor\Runtime.Worker.Diagnostics.AzureMonitor.csproj", "{684A18B6-BE5B-718A-273D-3F5A18C4A062}"
EndProject
Project("{2150E333-8FDC-42A3-9474-1A3956D46DE8}") = "Domains", "Domains", "{55B8E2B3-FCE6-896E-E028-E6393D6A9606}"
EndProject
Project("{2150E333-8FDC-42A3-9474-1A3956D46DE8}") = "Dummy", "Dummy", "{6F74E636-BE1E-E6A3-FC6A-C4865F205EC1}"
EndProject
Project("{2150E333-8FDC-42A3-9474-1A3956D46DE8}") = "Persistence.Mongo", "Persistence.Mongo", "{5FE814BB-5F97-C868-FDFA-C1E4489F4AE0}"
EndProject
Project("{FAE04EC0-301F-11D3-BF4B-00C04F79EFBC}") = "Dummy.Persistence.Mongo", "src\Domains\Dummy\Persistence.Mongo\Dummy.Persistence.Mongo.csproj", "{7D7A8743-67BC-F25C-7C90-B07A5876EDEB}"
EndProject
Project("{2150E333-8FDC-42A3-9474-1A3956D46DE8}") = "Contracts", "Contracts", "{F31118CE-7CA1-5294-8864-6E07B29C3E7E}"
EndProject
Project("{FAE04EC0-301F-11D3-BF4B-00C04F79EFBC}") = "Dummy.Contracts", "src\Domains\Dummy\Contracts\Dummy.Contracts.csproj", "{C93D993B-89B4-1F75-CA2B-AEF946A99214}"
EndProject
Project("{2150E333-8FDC-42A3-9474-1A3956D46DE8}") = "Server", "Server", "{E5F1B5E9-5BD5-3A70-2F46-FC8B9B3825B6}"
EndProject
Project("{FAE04EC0-301F-11D3-BF4B-00C04F79EFBC}") = "Dummy.Server", "src\Domains\Dummy\Server\Dummy.Server.csproj", "{1CFC32C3-6141-3012-D3E4-9F64A41C903D}"
EndProject
Project("{2150E333-8FDC-42A3-9474-1A3956D46DE8}") = "Common", "Common", "{35B3602B-7D71-DDB4-F13F-58BD1951D414}"
EndProject
Project("{FAE04EC0-301F-11D3-BF4B-00C04F79EFBC}") = "Dummy.Common", "src\Domains\Dummy\Common\Dummy.Common.csproj", "{3FF6C906-9AAF-D954-1DEE-92F5FC7E6724}"
EndProject
Project("{2150E333-8FDC-42A3-9474-1A3956D46DE8}") = "Implementation.Tests", "Implementation.Tests", "{CF6A4DD0-4752-498D-A012-9273E52C536E}"
EndProject
Project("{FAE04EC0-301F-11D3-BF4B-00C04F79EFBC}") = "Dummy.Implementation.Tests", "src\Domains\Dummy\Implementation.Tests\Dummy.Implementation.Tests.csproj", "{B82C7382-DF09-F0AA-AC34-714DEE8CE73A}"
EndProject
Project("{2150E333-8FDC-42A3-9474-1A3956D46DE8}") = "Implementation", "Implementation", "{A32545BB-2445-8296-5448-3EE22076D313}"
EndProject
Project("{FAE04EC0-301F-11D3-BF4B-00C04F79EFBC}") = "Dummy.Implementation", "src\Domains\Dummy\Implementation\Dummy.Implementation.csproj", "{41264C04-BB82-9767-1606-D4E94145BC4F}"
EndProject
Project("{2150E333-8FDC-42A3-9474-1A3956D46DE8}") = "Persistence.Cosmos", "Persistence.Cosmos", "{6EFE62B6-C16B-4E53-FCA7-949A1A7ABCB3}"
EndProject
Project("{FAE04EC0-301F-11D3-BF4B-00C04F79EFBC}") = "Dummy.Persistence.Cosmos", "src\Domains\Dummy\Persistence.Cosmos\Dummy.Persistence.Cosmos.csproj", "{8293BA0E-7796-8F85-0B90-2EDB39F4EEED}"
EndProject
Project("{2150E333-8FDC-42A3-9474-1A3956D46DE8}") = "Persistence.Postgres", "Persistence.Postgres", "{8EA35D79-5FB6-5E6E-8E1B-0E6755AC554D}"
EndProject
Project("{FAE04EC0-301F-11D3-BF4B-00C04F79EFBC}") = "Dummy.Persistence.Postgres", "src\Domains\Dummy\Persistence.Postgres\Dummy.Persistence.Postgres.csproj", "{895A6370-3A09-2E15-40E0-6074201C1933}"
EndProject
Project("{2150E333-8FDC-42A3-9474-1A3956D46DE8}") = "Shared", "Shared", "{C8E42992-5E42-0C2B-DBFE-AA848D06431C}"
EndProject
Project("{2150E333-8FDC-42A3-9474-1A3956D46DE8}") = "Configuration", "Configuration", "{668BBE75-39DF-5E0B-2806-24BB1816A677}"
EndProject
Project("{2150E333-8FDC-42A3-9474-1A3956D46DE8}") = "Contracts", "Contracts", "{CA2EF46D-58D1-B0DE-9851-D56B6CF31383}"
EndProject
Project("{FAE04EC0-301F-11D3-BF4B-00C04F79EFBC}") = "Configuration.Contracts", "src\Shared\Configuration\Contracts\Configuration.Contracts.csproj", "{845D68F7-2FEC-C056-452E-B3C4452C7F4F}"
EndProject
Project("{2150E333-8FDC-42A3-9474-1A3956D46DE8}") = "Server", "Server", "{AFA9FF03-CF7A-8B5D-3AED-E93F3D302B8B}"
EndProject
Project("{FAE04EC0-301F-11D3-BF4B-00C04F79EFBC}") = "Configuration.Server", "src\Shared\Configuration\Server\Configuration.Server.csproj", "{AEE9584C-8644-7D3A-894F-A228AC8A96F1}"
EndProject
Project("{2150E333-8FDC-42A3-9474-1A3956D46DE8}") = "Common", "Common", "{E9AD6F1A-D376-4139-E4EA-C24B813FD613}"
EndProject
Project("{FAE04EC0-301F-11D3-BF4B-00C04F79EFBC}") = "Configuration.Common", "src\Shared\Configuration\Common\Configuration.Common.csproj", "{6D4BA8EE-1D18-A275-F533-6A0926DCAB86}"
EndProject
Project("{2150E333-8FDC-42A3-9474-1A3956D46DE8}") = "Implementation", "Implementation", "{7D0011CA-A448-50DA-3EB9-11ABC9FB7A8A}"
EndProject
Project("{FAE04EC0-301F-11D3-BF4B-00C04F79EFBC}") = "Configuration.Implementation", "src\Shared\Configuration\Implementation\Configuration.Implementation.csproj", "{4BB5B026-8D9A-4F30-000D-BB13B683E985}"
EndProject
Project("{2150E333-8FDC-42A3-9474-1A3956D46DE8}") = "Persistence.Cosmos", "Persistence.Cosmos", "{1D0CEF43-4350-E07E-9B20-79128DE06053}"
EndProject
Project("{FAE04EC0-301F-11D3-BF4B-00C04F79EFBC}") = "Configuration.Persistence.Cosmos", "src\Shared\Configuration\Persistence.Cosmos\Configuration.Persistence.Cosmos.csproj", "{8D26B3AA-00DC-AE74-F0CA-94ADD888C83A}"
EndProject
Project("{2150E333-8FDC-42A3-9474-1A3956D46DE8}") = "Users", "Users", "{432BDF55-6845-0A00-65FD-851463D6E7EB}"
EndProject
Project("{2150E333-8FDC-42A3-9474-1A3956D46DE8}") = "Persistence.Mongo", "Persistence.Mongo", "{F83F7E09-1DD6-D67D-2DCD-530EA32A11B6}"
EndProject
Project("{FAE04EC0-301F-11D3-BF4B-00C04F79EFBC}") = "Users.Persistence.Mongo", "src\Shared\Users\Persistence.Mongo\Users.Persistence.Mongo.csproj", "{033A9B23-041F-B22D-530A-35302B977DC9}"
EndProject
Project("{2150E333-8FDC-42A3-9474-1A3956D46DE8}") = "Contracts", "Contracts", "{60C44614-A442-EBCB-FBBC-A1C1DCC8295F}"
EndProject
Project("{FAE04EC0-301F-11D3-BF4B-00C04F79EFBC}") = "Users.Contracts", "src\Shared\Users\Contracts\Users.Contracts.csproj", "{BB3BE281-8C5B-2304-8901-09871ACA86EC}"
EndProject
Project("{2150E333-8FDC-42A3-9474-1A3956D46DE8}") = "Server", "Server", "{E3C4D414-B69A-6113-BEDF-1EFE869948B8}"
EndProject
Project("{FAE04EC0-301F-11D3-BF4B-00C04F79EFBC}") = "Users.Server", "src\Shared\Users\Server\Users.Server.csproj", "{4491FFA7-0AED-B7B4-06AC-FC4CA47BA047}"
EndProject
Project("{2150E333-8FDC-42A3-9474-1A3956D46DE8}") = "Common", "Common", "{E428A752-6161-1870-B419-E8CC0534DE73}"
EndProject
Project("{FAE04EC0-301F-11D3-BF4B-00C04F79EFBC}") = "Users.Common", "src\Shared\Users\Common\Users.Common.csproj", "{FFCA7A62-EF33-14E4-F16B-C1957CB3A4D8}"
EndProject
Project("{2150E333-8FDC-42A3-9474-1A3956D46DE8}") = "Implementation", "Implementation", "{EDC2C0BE-457D-AE2B-2F00-AA40E83418D4}"
EndProject
Project("{FAE04EC0-301F-11D3-BF4B-00C04F79EFBC}") = "Users.Implementation", "src\Shared\Users\Implementation\Users.Implementation.csproj", "{8A290098-F4E1-8E2A-0899-202D35EEF41D}"
EndProject
Project("{2150E333-8FDC-42A3-9474-1A3956D46DE8}") = "Persistence.Cosmos", "Persistence.Cosmos", "{03E96B91-E58D-DDB1-6DC8-3BE8A83CA80F}"
EndProject
Project("{FAE04EC0-301F-11D3-BF4B-00C04F79EFBC}") = "Users.Persistence.Cosmos", "src\Shared\Users\Persistence.Cosmos\Users.Persistence.Cosmos.csproj", "{02C3E0A0-1CB3-A3CA-43F8-B4735D8F10FF}"
EndProject
Project("{2150E333-8FDC-42A3-9474-1A3956D46DE8}") = "Persistence.Postgres", "Persistence.Postgres", "{73CB84FD-7A73-30D4-2443-915821FD8CF9}"
EndProject
Project("{FAE04EC0-301F-11D3-BF4B-00C04F79EFBC}") = "Users.Persistence.Postgres", "src\Shared\Users\Persistence.Postgres\Users.Persistence.Postgres.csproj", "{D2CAE93C-5798-3AFD-1A96-7124A30B3068}"
EndProject
Project("{2150E333-8FDC-42A3-9474-1A3956D46DE8}") = "Collections", "Collections", "{2E14CD2C-51C5-B71B-BC81-63A6D2B7CA5D}"
EndProject
Project("{2150E333-8FDC-42A3-9474-1A3956D46DE8}") = "Persistence.Mongo", "Persistence.Mongo", "{DAC4411F-5EEF-58F9-104A-868CD072CF9F}"
EndProject
Project("{FAE04EC0-301F-11D3-BF4B-00C04F79EFBC}") = "Collections.Persistence.Mongo", "src\Shared\Collections\Persistence.Mongo\Collections.Persistence.Mongo.csproj", "{76C9C985-FD05-4DF8-C107-CAEB02AAD9BA}"
EndProject
Project("{2150E333-8FDC-42A3-9474-1A3956D46DE8}") = "Contracts", "Contracts", "{334F28CE-449D-D8B5-8B76-D9B9906E1B4E}"
EndProject
Project("{FAE04EC0-301F-11D3-BF4B-00C04F79EFBC}") = "Collections.Contracts", "src\Shared\Collections\Contracts\Collections.Contracts.csproj", "{C4E12104-CAD2-820C-8F92-7D6D61BF78BA}"
EndProject
Project("{2150E333-8FDC-42A3-9474-1A3956D46DE8}") = "Server", "Server", "{EEF319A3-B436-6463-2000-6A5BE6E6141B}"
EndProject
Project("{FAE04EC0-301F-11D3-BF4B-00C04F79EFBC}") = "Collections.Server", "src\Shared\Collections\Server\Collections.Server.csproj", "{BC47EBA0-E7DE-FD11-CA13-8D7C9FED3A2E}"
EndProject
Project("{2150E333-8FDC-42A3-9474-1A3956D46DE8}") = "Common", "Common", "{4F9F5AE6-4EDB-DC96-6FDD-8B2AEE892946}"
EndProject
Project("{FAE04EC0-301F-11D3-BF4B-00C04F79EFBC}") = "Collections.Common", "src\Shared\Collections\Common\Collections.Common.csproj", "{6D1FFAD4-3B29-00DC-4806-1FE6F91CE898}"
EndProject
Project("{2150E333-8FDC-42A3-9474-1A3956D46DE8}") = "Implementation", "Implementation", "{80217385-6472-452C-2C20-B67C22A4303D}"
EndProject
Project("{FAE04EC0-301F-11D3-BF4B-00C04F79EFBC}") = "Collections.Implementation", "src\Shared\Collections\Implementation\Collections.Implementation.csproj", "{9DE40B01-431F-9282-8A59-878C81A28BBC}"
EndProject
Project("{2150E333-8FDC-42A3-9474-1A3956D46DE8}") = "Persistence.Cosmos", "Persistence.Cosmos", "{FEF84853-AA30-959E-7BD6-46F2853B8E93}"
EndProject
Project("{FAE04EC0-301F-11D3-BF4B-00C04F79EFBC}") = "Collections.Persistence.Cosmos", "src\Shared\Collections\Persistence.Cosmos\Collections.Persistence.Cosmos.csproj", "{B16C3735-5622-92A1-C273-480CA8F6AE90}"
EndProject
Project("{2150E333-8FDC-42A3-9474-1A3956D46DE8}") = "Persistence.Postgres", "Persistence.Postgres", "{126D7CBA-5D40-C949-A0A5-310C72D24724}"
EndProject
Project("{FAE04EC0-301F-11D3-BF4B-00C04F79EFBC}") = "Collections.Persistence.Postgres", "src\Shared\Collections\Persistence.Postgres\Collections.Persistence.Postgres.csproj", "{954B4010-AA92-01DC-32F9-3E65545832C9}"
EndProject
Global
	GlobalSection(SolutionConfigurationPlatforms) = preSolution
		Debug|Any CPU = Debug|Any CPU
		Release|Any CPU = Release|Any CPU
	EndGlobalSection
	GlobalSection(ProjectConfigurationPlatforms) = postSolution
		{6BDB05CD-1BD2-935F-3A0E-A0B5BF9AA17A}.Debug|Any CPU.ActiveCfg = Debug|Any CPU
		{6BDB05CD-1BD2-935F-3A0E-A0B5BF9AA17A}.Debug|Any CPU.Build.0 = Debug|Any CPU
		{6BDB05CD-1BD2-935F-3A0E-A0B5BF9AA17A}.Release|Any CPU.ActiveCfg = Release|Any CPU
		{6BDB05CD-1BD2-935F-3A0E-A0B5BF9AA17A}.Release|Any CPU.Build.0 = Release|Any CPU
		{4A128749-A7AF-8E42-80CB-DA85A3DD51E6}.Debug|Any CPU.ActiveCfg = Debug|Any CPU
		{4A128749-A7AF-8E42-80CB-DA85A3DD51E6}.Debug|Any CPU.Build.0 = Debug|Any CPU
		{4A128749-A7AF-8E42-80CB-DA85A3DD51E6}.Release|Any CPU.ActiveCfg = Release|Any CPU
		{4A128749-A7AF-8E42-80CB-DA85A3DD51E6}.Release|Any CPU.Build.0 = Release|Any CPU
		{7C02F11D-E108-DFA4-471D-E7BC87B3DCC2}.Debug|Any CPU.ActiveCfg = Debug|Any CPU
		{7C02F11D-E108-DFA4-471D-E7BC87B3DCC2}.Debug|Any CPU.Build.0 = Debug|Any CPU
		{7C02F11D-E108-DFA4-471D-E7BC87B3DCC2}.Release|Any CPU.ActiveCfg = Release|Any CPU
		{7C02F11D-E108-DFA4-471D-E7BC87B3DCC2}.Release|Any CPU.Build.0 = Release|Any CPU
		{AFCFB084-3524-F09E-B362-540BE453FA7E}.Debug|Any CPU.ActiveCfg = Debug|Any CPU
		{AFCFB084-3524-F09E-B362-540BE453FA7E}.Debug|Any CPU.Build.0 = Debug|Any CPU
		{AFCFB084-3524-F09E-B362-540BE453FA7E}.Release|Any CPU.ActiveCfg = Release|Any CPU
		{AFCFB084-3524-F09E-B362-540BE453FA7E}.Release|Any CPU.Build.0 = Release|Any CPU
		{BBA91CB6-4F2B-34A1-EF03-D76E6E086DF4}.Debug|Any CPU.ActiveCfg = Debug|Any CPU
		{BBA91CB6-4F2B-34A1-EF03-D76E6E086DF4}.Debug|Any CPU.Build.0 = Debug|Any CPU
		{BBA91CB6-4F2B-34A1-EF03-D76E6E086DF4}.Release|Any CPU.ActiveCfg = Release|Any CPU
		{BBA91CB6-4F2B-34A1-EF03-D76E6E086DF4}.Release|Any CPU.Build.0 = Release|Any CPU
		{298A10F7-561E-9F08-DC04-642FB6FA695E}.Debug|Any CPU.ActiveCfg = Debug|Any CPU
		{298A10F7-561E-9F08-DC04-642FB6FA695E}.Debug|Any CPU.Build.0 = Debug|Any CPU
		{298A10F7-561E-9F08-DC04-642FB6FA695E}.Release|Any CPU.ActiveCfg = Release|Any CPU
		{298A10F7-561E-9F08-DC04-642FB6FA695E}.Release|Any CPU.Build.0 = Release|Any CPU
		{2C956F09-4660-8F89-F24E-5BB2238E01E9}.Debug|Any CPU.ActiveCfg = Debug|Any CPU
		{2C956F09-4660-8F89-F24E-5BB2238E01E9}.Debug|Any CPU.Build.0 = Debug|Any CPU
		{2C956F09-4660-8F89-F24E-5BB2238E01E9}.Release|Any CPU.ActiveCfg = Release|Any CPU
		{2C956F09-4660-8F89-F24E-5BB2238E01E9}.Release|Any CPU.Build.0 = Release|Any CPU
		{48DF7CB9-2EB6-0F91-7813-ECCEF09A0A74}.Debug|Any CPU.ActiveCfg = Debug|Any CPU
		{48DF7CB9-2EB6-0F91-7813-ECCEF09A0A74}.Debug|Any CPU.Build.0 = Debug|Any CPU
		{48DF7CB9-2EB6-0F91-7813-ECCEF09A0A74}.Release|Any CPU.ActiveCfg = Release|Any CPU
		{48DF7CB9-2EB6-0F91-7813-ECCEF09A0A74}.Release|Any CPU.Build.0 = Release|Any CPU
		{DE2C162D-3DD6-A070-0AAB-44ECEA31C86D}.Debug|Any CPU.ActiveCfg = Debug|Any CPU
		{DE2C162D-3DD6-A070-0AAB-44ECEA31C86D}.Debug|Any CPU.Build.0 = Debug|Any CPU
		{DE2C162D-3DD6-A070-0AAB-44ECEA31C86D}.Release|Any CPU.ActiveCfg = Release|Any CPU
		{DE2C162D-3DD6-A070-0AAB-44ECEA31C86D}.Release|Any CPU.Build.0 = Release|Any CPU
		{3E774F61-752A-9DD6-0B8D-A1F299026D58}.Debug|Any CPU.ActiveCfg = Debug|Any CPU
		{3E774F61-752A-9DD6-0B8D-A1F299026D58}.Debug|Any CPU.Build.0 = Debug|Any CPU
		{3E774F61-752A-9DD6-0B8D-A1F299026D58}.Release|Any CPU.ActiveCfg = Release|Any CPU
		{3E774F61-752A-9DD6-0B8D-A1F299026D58}.Release|Any CPU.Build.0 = Release|Any CPU
		{091AF138-4A08-116B-040D-AEB88C7C3200}.Debug|Any CPU.ActiveCfg = Debug|Any CPU
		{091AF138-4A08-116B-040D-AEB88C7C3200}.Debug|Any CPU.Build.0 = Debug|Any CPU
		{091AF138-4A08-116B-040D-AEB88C7C3200}.Release|Any CPU.ActiveCfg = Release|Any CPU
		{091AF138-4A08-116B-040D-AEB88C7C3200}.Release|Any CPU.Build.0 = Release|Any CPU
		{AB908913-4A4D-95F4-572A-E23E32FAE569}.Debug|Any CPU.ActiveCfg = Debug|Any CPU
		{AB908913-4A4D-95F4-572A-E23E32FAE569}.Debug|Any CPU.Build.0 = Debug|Any CPU
		{AB908913-4A4D-95F4-572A-E23E32FAE569}.Release|Any CPU.ActiveCfg = Release|Any CPU
		{AB908913-4A4D-95F4-572A-E23E32FAE569}.Release|Any CPU.Build.0 = Release|Any CPU
		{684A18B6-BE5B-718A-273D-3F5A18C4A062}.Debug|Any CPU.ActiveCfg = Debug|Any CPU
		{684A18B6-BE5B-718A-273D-3F5A18C4A062}.Debug|Any CPU.Build.0 = Debug|Any CPU
		{684A18B6-BE5B-718A-273D-3F5A18C4A062}.Release|Any CPU.ActiveCfg = Release|Any CPU
		{684A18B6-BE5B-718A-273D-3F5A18C4A062}.Release|Any CPU.Build.0 = Release|Any CPU
		{7D7A8743-67BC-F25C-7C90-B07A5876EDEB}.Debug|Any CPU.ActiveCfg = Debug|Any CPU
		{7D7A8743-67BC-F25C-7C90-B07A5876EDEB}.Debug|Any CPU.Build.0 = Debug|Any CPU
		{7D7A8743-67BC-F25C-7C90-B07A5876EDEB}.Release|Any CPU.ActiveCfg = Release|Any CPU
		{7D7A8743-67BC-F25C-7C90-B07A5876EDEB}.Release|Any CPU.Build.0 = Release|Any CPU
		{C93D993B-89B4-1F75-CA2B-AEF946A99214}.Debug|Any CPU.ActiveCfg = Debug|Any CPU
		{C93D993B-89B4-1F75-CA2B-AEF946A99214}.Debug|Any CPU.Build.0 = Debug|Any CPU
		{C93D993B-89B4-1F75-CA2B-AEF946A99214}.Release|Any CPU.ActiveCfg = Release|Any CPU
		{C93D993B-89B4-1F75-CA2B-AEF946A99214}.Release|Any CPU.Build.0 = Release|Any CPU
		{1CFC32C3-6141-3012-D3E4-9F64A41C903D}.Debug|Any CPU.ActiveCfg = Debug|Any CPU
		{1CFC32C3-6141-3012-D3E4-9F64A41C903D}.Debug|Any CPU.Build.0 = Debug|Any CPU
		{1CFC32C3-6141-3012-D3E4-9F64A41C903D}.Release|Any CPU.ActiveCfg = Release|Any CPU
		{1CFC32C3-6141-3012-D3E4-9F64A41C903D}.Release|Any CPU.Build.0 = Release|Any CPU
		{3FF6C906-9AAF-D954-1DEE-92F5FC7E6724}.Debug|Any CPU.ActiveCfg = Debug|Any CPU
		{3FF6C906-9AAF-D954-1DEE-92F5FC7E6724}.Debug|Any CPU.Build.0 = Debug|Any CPU
		{3FF6C906-9AAF-D954-1DEE-92F5FC7E6724}.Release|Any CPU.ActiveCfg = Release|Any CPU
		{3FF6C906-9AAF-D954-1DEE-92F5FC7E6724}.Release|Any CPU.Build.0 = Release|Any CPU
		{B82C7382-DF09-F0AA-AC34-714DEE8CE73A}.Debug|Any CPU.ActiveCfg = Debug|Any CPU
		{B82C7382-DF09-F0AA-AC34-714DEE8CE73A}.Debug|Any CPU.Build.0 = Debug|Any CPU
		{B82C7382-DF09-F0AA-AC34-714DEE8CE73A}.Release|Any CPU.ActiveCfg = Release|Any CPU
		{B82C7382-DF09-F0AA-AC34-714DEE8CE73A}.Release|Any CPU.Build.0 = Release|Any CPU
		{41264C04-BB82-9767-1606-D4E94145BC4F}.Debug|Any CPU.ActiveCfg = Debug|Any CPU
		{41264C04-BB82-9767-1606-D4E94145BC4F}.Debug|Any CPU.Build.0 = Debug|Any CPU
		{41264C04-BB82-9767-1606-D4E94145BC4F}.Release|Any CPU.ActiveCfg = Release|Any CPU
		{41264C04-BB82-9767-1606-D4E94145BC4F}.Release|Any CPU.Build.0 = Release|Any CPU
		{8293BA0E-7796-8F85-0B90-2EDB39F4EEED}.Debug|Any CPU.ActiveCfg = Debug|Any CPU
		{8293BA0E-7796-8F85-0B90-2EDB39F4EEED}.Debug|Any CPU.Build.0 = Debug|Any CPU
		{8293BA0E-7796-8F85-0B90-2EDB39F4EEED}.Release|Any CPU.ActiveCfg = Release|Any CPU
		{8293BA0E-7796-8F85-0B90-2EDB39F4EEED}.Release|Any CPU.Build.0 = Release|Any CPU
		{895A6370-3A09-2E15-40E0-6074201C1933}.Debug|Any CPU.ActiveCfg = Debug|Any CPU
		{895A6370-3A09-2E15-40E0-6074201C1933}.Debug|Any CPU.Build.0 = Debug|Any CPU
		{895A6370-3A09-2E15-40E0-6074201C1933}.Release|Any CPU.ActiveCfg = Release|Any CPU
		{895A6370-3A09-2E15-40E0-6074201C1933}.Release|Any CPU.Build.0 = Release|Any CPU
		{845D68F7-2FEC-C056-452E-B3C4452C7F4F}.Debug|Any CPU.ActiveCfg = Debug|Any CPU
		{845D68F7-2FEC-C056-452E-B3C4452C7F4F}.Debug|Any CPU.Build.0 = Debug|Any CPU
		{845D68F7-2FEC-C056-452E-B3C4452C7F4F}.Release|Any CPU.ActiveCfg = Release|Any CPU
		{845D68F7-2FEC-C056-452E-B3C4452C7F4F}.Release|Any CPU.Build.0 = Release|Any CPU
		{AEE9584C-8644-7D3A-894F-A228AC8A96F1}.Debug|Any CPU.ActiveCfg = Debug|Any CPU
		{AEE9584C-8644-7D3A-894F-A228AC8A96F1}.Debug|Any CPU.Build.0 = Debug|Any CPU
		{AEE9584C-8644-7D3A-894F-A228AC8A96F1}.Release|Any CPU.ActiveCfg = Release|Any CPU
		{AEE9584C-8644-7D3A-894F-A228AC8A96F1}.Release|Any CPU.Build.0 = Release|Any CPU
		{6D4BA8EE-1D18-A275-F533-6A0926DCAB86}.Debug|Any CPU.ActiveCfg = Debug|Any CPU
		{6D4BA8EE-1D18-A275-F533-6A0926DCAB86}.Debug|Any CPU.Build.0 = Debug|Any CPU
		{6D4BA8EE-1D18-A275-F533-6A0926DCAB86}.Release|Any CPU.ActiveCfg = Release|Any CPU
		{6D4BA8EE-1D18-A275-F533-6A0926DCAB86}.Release|Any CPU.Build.0 = Release|Any CPU
		{4BB5B026-8D9A-4F30-000D-BB13B683E985}.Debug|Any CPU.ActiveCfg = Debug|Any CPU
		{4BB5B026-8D9A-4F30-000D-BB13B683E985}.Debug|Any CPU.Build.0 = Debug|Any CPU
		{4BB5B026-8D9A-4F30-000D-BB13B683E985}.Release|Any CPU.ActiveCfg = Release|Any CPU
		{4BB5B026-8D9A-4F30-000D-BB13B683E985}.Release|Any CPU.Build.0 = Release|Any CPU
		{8D26B3AA-00DC-AE74-F0CA-94ADD888C83A}.Debug|Any CPU.ActiveCfg = Debug|Any CPU
		{8D26B3AA-00DC-AE74-F0CA-94ADD888C83A}.Debug|Any CPU.Build.0 = Debug|Any CPU
		{8D26B3AA-00DC-AE74-F0CA-94ADD888C83A}.Release|Any CPU.ActiveCfg = Release|Any CPU
		{8D26B3AA-00DC-AE74-F0CA-94ADD888C83A}.Release|Any CPU.Build.0 = Release|Any CPU
		{033A9B23-041F-B22D-530A-35302B977DC9}.Debug|Any CPU.ActiveCfg = Debug|Any CPU
		{033A9B23-041F-B22D-530A-35302B977DC9}.Debug|Any CPU.Build.0 = Debug|Any CPU
		{033A9B23-041F-B22D-530A-35302B977DC9}.Release|Any CPU.ActiveCfg = Release|Any CPU
		{033A9B23-041F-B22D-530A-35302B977DC9}.Release|Any CPU.Build.0 = Release|Any CPU
		{BB3BE281-8C5B-2304-8901-09871ACA86EC}.Debug|Any CPU.ActiveCfg = Debug|Any CPU
		{BB3BE281-8C5B-2304-8901-09871ACA86EC}.Debug|Any CPU.Build.0 = Debug|Any CPU
		{BB3BE281-8C5B-2304-8901-09871ACA86EC}.Release|Any CPU.ActiveCfg = Release|Any CPU
		{BB3BE281-8C5B-2304-8901-09871ACA86EC}.Release|Any CPU.Build.0 = Release|Any CPU
		{4491FFA7-0AED-B7B4-06AC-FC4CA47BA047}.Debug|Any CPU.ActiveCfg = Debug|Any CPU
		{4491FFA7-0AED-B7B4-06AC-FC4CA47BA047}.Debug|Any CPU.Build.0 = Debug|Any CPU
		{4491FFA7-0AED-B7B4-06AC-FC4CA47BA047}.Release|Any CPU.ActiveCfg = Release|Any CPU
		{4491FFA7-0AED-B7B4-06AC-FC4CA47BA047}.Release|Any CPU.Build.0 = Release|Any CPU
		{FFCA7A62-EF33-14E4-F16B-C1957CB3A4D8}.Debug|Any CPU.ActiveCfg = Debug|Any CPU
		{FFCA7A62-EF33-14E4-F16B-C1957CB3A4D8}.Debug|Any CPU.Build.0 = Debug|Any CPU
		{FFCA7A62-EF33-14E4-F16B-C1957CB3A4D8}.Release|Any CPU.ActiveCfg = Release|Any CPU
		{FFCA7A62-EF33-14E4-F16B-C1957CB3A4D8}.Release|Any CPU.Build.0 = Release|Any CPU
		{8A290098-F4E1-8E2A-0899-202D35EEF41D}.Debug|Any CPU.ActiveCfg = Debug|Any CPU
		{8A290098-F4E1-8E2A-0899-202D35EEF41D}.Debug|Any CPU.Build.0 = Debug|Any CPU
		{8A290098-F4E1-8E2A-0899-202D35EEF41D}.Release|Any CPU.ActiveCfg = Release|Any CPU
		{8A290098-F4E1-8E2A-0899-202D35EEF41D}.Release|Any CPU.Build.0 = Release|Any CPU
		{02C3E0A0-1CB3-A3CA-43F8-B4735D8F10FF}.Debug|Any CPU.ActiveCfg = Debug|Any CPU
		{02C3E0A0-1CB3-A3CA-43F8-B4735D8F10FF}.Debug|Any CPU.Build.0 = Debug|Any CPU
		{02C3E0A0-1CB3-A3CA-43F8-B4735D8F10FF}.Release|Any CPU.ActiveCfg = Release|Any CPU
		{02C3E0A0-1CB3-A3CA-43F8-B4735D8F10FF}.Release|Any CPU.Build.0 = Release|Any CPU
		{D2CAE93C-5798-3AFD-1A96-7124A30B3068}.Debug|Any CPU.ActiveCfg = Debug|Any CPU
		{D2CAE93C-5798-3AFD-1A96-7124A30B3068}.Debug|Any CPU.Build.0 = Debug|Any CPU
		{D2CAE93C-5798-3AFD-1A96-7124A30B3068}.Release|Any CPU.ActiveCfg = Release|Any CPU
		{D2CAE93C-5798-3AFD-1A96-7124A30B3068}.Release|Any CPU.Build.0 = Release|Any CPU
		{76C9C985-FD05-4DF8-C107-CAEB02AAD9BA}.Debug|Any CPU.ActiveCfg = Debug|Any CPU
		{76C9C985-FD05-4DF8-C107-CAEB02AAD9BA}.Debug|Any CPU.Build.0 = Debug|Any CPU
		{76C9C985-FD05-4DF8-C107-CAEB02AAD9BA}.Release|Any CPU.ActiveCfg = Release|Any CPU
		{76C9C985-FD05-4DF8-C107-CAEB02AAD9BA}.Release|Any CPU.Build.0 = Release|Any CPU
		{C4E12104-CAD2-820C-8F92-7D6D61BF78BA}.Debug|Any CPU.ActiveCfg = Debug|Any CPU
		{C4E12104-CAD2-820C-8F92-7D6D61BF78BA}.Debug|Any CPU.Build.0 = Debug|Any CPU
		{C4E12104-CAD2-820C-8F92-7D6D61BF78BA}.Release|Any CPU.ActiveCfg = Release|Any CPU
		{C4E12104-CAD2-820C-8F92-7D6D61BF78BA}.Release|Any CPU.Build.0 = Release|Any CPU
		{BC47EBA0-E7DE-FD11-CA13-8D7C9FED3A2E}.Debug|Any CPU.ActiveCfg = Debug|Any CPU
		{BC47EBA0-E7DE-FD11-CA13-8D7C9FED3A2E}.Debug|Any CPU.Build.0 = Debug|Any CPU
		{BC47EBA0-E7DE-FD11-CA13-8D7C9FED3A2E}.Release|Any CPU.ActiveCfg = Release|Any CPU
		{BC47EBA0-E7DE-FD11-CA13-8D7C9FED3A2E}.Release|Any CPU.Build.0 = Release|Any CPU
		{6D1FFAD4-3B29-00DC-4806-1FE6F91CE898}.Debug|Any CPU.ActiveCfg = Debug|Any CPU
		{6D1FFAD4-3B29-00DC-4806-1FE6F91CE898}.Debug|Any CPU.Build.0 = Debug|Any CPU
		{6D1FFAD4-3B29-00DC-4806-1FE6F91CE898}.Release|Any CPU.ActiveCfg = Release|Any CPU
		{6D1FFAD4-3B29-00DC-4806-1FE6F91CE898}.Release|Any CPU.Build.0 = Release|Any CPU
		{9DE40B01-431F-9282-8A59-878C81A28BBC}.Debug|Any CPU.ActiveCfg = Debug|Any CPU
		{9DE40B01-431F-9282-8A59-878C81A28BBC}.Debug|Any CPU.Build.0 = Debug|Any CPU
		{9DE40B01-431F-9282-8A59-878C81A28BBC}.Release|Any CPU.ActiveCfg = Release|Any CPU
		{9DE40B01-431F-9282-8A59-878C81A28BBC}.Release|Any CPU.Build.0 = Release|Any CPU
		{B16C3735-5622-92A1-C273-480CA8F6AE90}.Debug|Any CPU.ActiveCfg = Debug|Any CPU
		{B16C3735-5622-92A1-C273-480CA8F6AE90}.Debug|Any CPU.Build.0 = Debug|Any CPU
		{B16C3735-5622-92A1-C273-480CA8F6AE90}.Release|Any CPU.ActiveCfg = Release|Any CPU
		{B16C3735-5622-92A1-C273-480CA8F6AE90}.Release|Any CPU.Build.0 = Release|Any CPU
		{954B4010-AA92-01DC-32F9-3E65545832C9}.Debug|Any CPU.ActiveCfg = Debug|Any CPU
		{954B4010-AA92-01DC-32F9-3E65545832C9}.Debug|Any CPU.Build.0 = Debug|Any CPU
		{954B4010-AA92-01DC-32F9-3E65545832C9}.Release|Any CPU.ActiveCfg = Release|Any CPU
		{954B4010-AA92-01DC-32F9-3E65545832C9}.Release|Any CPU.Build.0 = Release|Any CPU
	EndGlobalSection
	GlobalSection(SolutionProperties) = preSolution
		HideSolutionNode = FALSE
	EndGlobalSection
	GlobalSection(NestedProjects) = preSolution
		{6BDB05CD-1BD2-935F-3A0E-A0B5BF9AA17A} = {2861F68D-E156-8E82-A4E6-ECF981A86867}
		{BFF2DF6E-AA54-47C7-211F-79ACCBB4577C} = {827E0CD3-B72D-47B6-A68D-7590B98EB39B}
		{4A128749-A7AF-8E42-80CB-DA85A3DD51E6} = {BFF2DF6E-AA54-47C7-211F-79ACCBB4577C}
		{7C02F11D-E108-DFA4-471D-E7BC87B3DCC2} = {BFF2DF6E-AA54-47C7-211F-79ACCBB4577C}
		{AFCFB084-3524-F09E-B362-540BE453FA7E} = {BFF2DF6E-AA54-47C7-211F-79ACCBB4577C}
		{BBA91CB6-4F2B-34A1-EF03-D76E6E086DF4} = {BFF2DF6E-AA54-47C7-211F-79ACCBB4577C}
		{298A10F7-561E-9F08-DC04-642FB6FA695E} = {BFF2DF6E-AA54-47C7-211F-79ACCBB4577C}
		{2C956F09-4660-8F89-F24E-5BB2238E01E9} = {BFF2DF6E-AA54-47C7-211F-79ACCBB4577C}
		{48DF7CB9-2EB6-0F91-7813-ECCEF09A0A74} = {BFF2DF6E-AA54-47C7-211F-79ACCBB4577C}
		{DE2C162D-3DD6-A070-0AAB-44ECEA31C86D} = {BFF2DF6E-AA54-47C7-211F-79ACCBB4577C}
		{3E774F61-752A-9DD6-0B8D-A1F299026D58} = {BFF2DF6E-AA54-47C7-211F-79ACCBB4577C}
		{091AF138-4A08-116B-040D-AEB88C7C3200} = {BFF2DF6E-AA54-47C7-211F-79ACCBB4577C}
		{AB908913-4A4D-95F4-572A-E23E32FAE569} = {BFF2DF6E-AA54-47C7-211F-79ACCBB4577C}
		{684A18B6-BE5B-718A-273D-3F5A18C4A062} = {BFF2DF6E-AA54-47C7-211F-79ACCBB4577C}
		{55B8E2B3-FCE6-896E-E028-E6393D6A9606} = {827E0CD3-B72D-47B6-A68D-7590B98EB39B}
		{6F74E636-BE1E-E6A3-FC6A-C4865F205EC1} = {55B8E2B3-FCE6-896E-E028-E6393D6A9606}
		{5FE814BB-5F97-C868-FDFA-C1E4489F4AE0} = {6F74E636-BE1E-E6A3-FC6A-C4865F205EC1}
		{7D7A8743-67BC-F25C-7C90-B07A5876EDEB} = {5FE814BB-5F97-C868-FDFA-C1E4489F4AE0}
		{F31118CE-7CA1-5294-8864-6E07B29C3E7E} = {6F74E636-BE1E-E6A3-FC6A-C4865F205EC1}
		{C93D993B-89B4-1F75-CA2B-AEF946A99214} = {F31118CE-7CA1-5294-8864-6E07B29C3E7E}
		{E5F1B5E9-5BD5-3A70-2F46-FC8B9B3825B6} = {6F74E636-BE1E-E6A3-FC6A-C4865F205EC1}
		{1CFC32C3-6141-3012-D3E4-9F64A41C903D} = {E5F1B5E9-5BD5-3A70-2F46-FC8B9B3825B6}
		{35B3602B-7D71-DDB4-F13F-58BD1951D414} = {6F74E636-BE1E-E6A3-FC6A-C4865F205EC1}
		{3FF6C906-9AAF-D954-1DEE-92F5FC7E6724} = {35B3602B-7D71-DDB4-F13F-58BD1951D414}
		{CF6A4DD0-4752-498D-A012-9273E52C536E} = {6F74E636-BE1E-E6A3-FC6A-C4865F205EC1}
		{B82C7382-DF09-F0AA-AC34-714DEE8CE73A} = {CF6A4DD0-4752-498D-A012-9273E52C536E}
		{A32545BB-2445-8296-5448-3EE22076D313} = {6F74E636-BE1E-E6A3-FC6A-C4865F205EC1}
		{41264C04-BB82-9767-1606-D4E94145BC4F} = {A32545BB-2445-8296-5448-3EE22076D313}
		{6EFE62B6-C16B-4E53-FCA7-949A1A7ABCB3} = {6F74E636-BE1E-E6A3-FC6A-C4865F205EC1}
		{8293BA0E-7796-8F85-0B90-2EDB39F4EEED} = {6EFE62B6-C16B-4E53-FCA7-949A1A7ABCB3}
		{8EA35D79-5FB6-5E6E-8E1B-0E6755AC554D} = {6F74E636-BE1E-E6A3-FC6A-C4865F205EC1}
		{895A6370-3A09-2E15-40E0-6074201C1933} = {8EA35D79-5FB6-5E6E-8E1B-0E6755AC554D}
		{C8E42992-5E42-0C2B-DBFE-AA848D06431C} = {827E0CD3-B72D-47B6-A68D-7590B98EB39B}
		{668BBE75-39DF-5E0B-2806-24BB1816A677} = {C8E42992-5E42-0C2B-DBFE-AA848D06431C}
		{CA2EF46D-58D1-B0DE-9851-D56B6CF31383} = {668BBE75-39DF-5E0B-2806-24BB1816A677}
		{845D68F7-2FEC-C056-452E-B3C4452C7F4F} = {CA2EF46D-58D1-B0DE-9851-D56B6CF31383}
		{AFA9FF03-CF7A-8B5D-3AED-E93F3D302B8B} = {668BBE75-39DF-5E0B-2806-24BB1816A677}
		{AEE9584C-8644-7D3A-894F-A228AC8A96F1} = {AFA9FF03-CF7A-8B5D-3AED-E93F3D302B8B}
		{E9AD6F1A-D376-4139-E4EA-C24B813FD613} = {668BBE75-39DF-5E0B-2806-24BB1816A677}
		{6D4BA8EE-1D18-A275-F533-6A0926DCAB86} = {E9AD6F1A-D376-4139-E4EA-C24B813FD613}
		{7D0011CA-A448-50DA-3EB9-11ABC9FB7A8A} = {668BBE75-39DF-5E0B-2806-24BB1816A677}
		{4BB5B026-8D9A-4F30-000D-BB13B683E985} = {7D0011CA-A448-50DA-3EB9-11ABC9FB7A8A}
		{1D0CEF43-4350-E07E-9B20-79128DE06053} = {668BBE75-39DF-5E0B-2806-24BB1816A677}
		{8D26B3AA-00DC-AE74-F0CA-94ADD888C83A} = {1D0CEF43-4350-E07E-9B20-79128DE06053}
		{432BDF55-6845-0A00-65FD-851463D6E7EB} = {C8E42992-5E42-0C2B-DBFE-AA848D06431C}
		{F83F7E09-1DD6-D67D-2DCD-530EA32A11B6} = {432BDF55-6845-0A00-65FD-851463D6E7EB}
		{033A9B23-041F-B22D-530A-35302B977DC9} = {F83F7E09-1DD6-D67D-2DCD-530EA32A11B6}
		{60C44614-A442-EBCB-FBBC-A1C1DCC8295F} = {432BDF55-6845-0A00-65FD-851463D6E7EB}
		{BB3BE281-8C5B-2304-8901-09871ACA86EC} = {60C44614-A442-EBCB-FBBC-A1C1DCC8295F}
		{E3C4D414-B69A-6113-BEDF-1EFE869948B8} = {432BDF55-6845-0A00-65FD-851463D6E7EB}
		{4491FFA7-0AED-B7B4-06AC-FC4CA47BA047} = {E3C4D414-B69A-6113-BEDF-1EFE869948B8}
		{E428A752-6161-1870-B419-E8CC0534DE73} = {432BDF55-6845-0A00-65FD-851463D6E7EB}
		{FFCA7A62-EF33-14E4-F16B-C1957CB3A4D8} = {E428A752-6161-1870-B419-E8CC0534DE73}
		{EDC2C0BE-457D-AE2B-2F00-AA40E83418D4} = {432BDF55-6845-0A00-65FD-851463D6E7EB}
		{8A290098-F4E1-8E2A-0899-202D35EEF41D} = {EDC2C0BE-457D-AE2B-2F00-AA40E83418D4}
		{03E96B91-E58D-DDB1-6DC8-3BE8A83CA80F} = {432BDF55-6845-0A00-65FD-851463D6E7EB}
		{02C3E0A0-1CB3-A3CA-43F8-B4735D8F10FF} = {03E96B91-E58D-DDB1-6DC8-3BE8A83CA80F}
		{73CB84FD-7A73-30D4-2443-915821FD8CF9} = {432BDF55-6845-0A00-65FD-851463D6E7EB}
		{D2CAE93C-5798-3AFD-1A96-7124A30B3068} = {73CB84FD-7A73-30D4-2443-915821FD8CF9}
		{2E14CD2C-51C5-B71B-BC81-63A6D2B7CA5D} = {C8E42992-5E42-0C2B-DBFE-AA848D06431C}
		{DAC4411F-5EEF-58F9-104A-868CD072CF9F} = {2E14CD2C-51C5-B71B-BC81-63A6D2B7CA5D}
		{76C9C985-FD05-4DF8-C107-CAEB02AAD9BA} = {DAC4411F-5EEF-58F9-104A-868CD072CF9F}
		{334F28CE-449D-D8B5-8B76-D9B9906E1B4E} = {2E14CD2C-51C5-B71B-BC81-63A6D2B7CA5D}
		{C4E12104-CAD2-820C-8F92-7D6D61BF78BA} = {334F28CE-449D-D8B5-8B76-D9B9906E1B4E}
		{EEF319A3-B436-6463-2000-6A5BE6E6141B} = {2E14CD2C-51C5-B71B-BC81-63A6D2B7CA5D}
		{BC47EBA0-E7DE-FD11-CA13-8D7C9FED3A2E} = {EEF319A3-B436-6463-2000-6A5BE6E6141B}
		{4F9F5AE6-4EDB-DC96-6FDD-8B2AEE892946} = {2E14CD2C-51C5-B71B-BC81-63A6D2B7CA5D}
		{6D1FFAD4-3B29-00DC-4806-1FE6F91CE898} = {4F9F5AE6-4EDB-DC96-6FDD-8B2AEE892946}
		{80217385-6472-452C-2C20-B67C22A4303D} = {2E14CD2C-51C5-B71B-BC81-63A6D2B7CA5D}
		{9DE40B01-431F-9282-8A59-878C81A28BBC} = {80217385-6472-452C-2C20-B67C22A4303D}
		{FEF84853-AA30-959E-7BD6-46F2853B8E93} = {2E14CD2C-51C5-B71B-BC81-63A6D2B7CA5D}
		{B16C3735-5622-92A1-C273-480CA8F6AE90} = {FEF84853-AA30-959E-7BD6-46F2853B8E93}
		{126D7CBA-5D40-C949-A0A5-310C72D24724} = {2E14CD2C-51C5-B71B-BC81-63A6D2B7CA5D}
		{954B4010-AA92-01DC-32F9-3E65545832C9} = {126D7CBA-5D40-C949-A0A5-310C72D24724}
	EndGlobalSection
	GlobalSection(ExtensibilityGlobals) = postSolution
		SolutionGuid = {24BB0EB0-F521-46B3-A37A-535D8EB81F89}
	EndGlobalSection
EndGlobal
