PODS:
  - FlutterMacOS (1.0.0)
  - unique_device_identifier (0.0.1):
    - FlutterMacOS

DEPENDENCIES:
  - FlutterMacOS (from `Flutter/ephemeral`)
  - unique_device_identifier (from `Flutter/ephemeral/.symlinks/plugins/unique_device_identifier/macos`)

EXTERNAL SOURCES:
  FlutterMacOS:
    :path: Flutter/ephemeral
  unique_device_identifier:
    :path: Flutter/ephemeral/.symlinks/plugins/unique_device_identifier/macos

SPEC CHECKSUMS:
  FlutterMacOS: d0db08ddef1a9af05a5ec4b724367152bb0500b1
  unique_device_identifier: da980a83cef977a2f4fc0ec8dbef4cbee0f80c4d

PODFILE CHECKSUM: 54d867c82ac51cbd61b565781b9fada492027009

COCOAPODS: 1.16.2
